{
  "name": "Fluxgram",
  "lockfileVersion": 3,
  "requires": true,
  "packages": {
    "": {
      "dependencies": {
        "taptickit": "^0.0.6"
      }
    },
    "node_modules/taptickit": {
      "version": "0.0.6",
      "resolved": "https://registry.npmjs.org/taptickit/-/taptickit-0.0.6.tgz",
      "integrity": "sha512-RCNA8q8nMwIU/Z7k/cMF4eAmKatED+yDGsXRJ6VVYmBEZVkihsI34vS6CekleeLgeODHY4yZvI+7sCIn4cOq2g==",
      "license": "MIT",
      "peerDependencies": {
        "react": ">=18",
        "react-dom": ">=18",
        "svelte": ">=4",
        "vue": ">=3"
      },
      "peerDependenciesMeta": {
        "react": {
          "optional": true
        },
        "react-dom": {
          "optional": true
        },
        "svelte": {
          "optional": true
        },
        "vue": {
          "optional": true
        }
      }
    }
  }
}
